
Microsoft Visual Studio Solution File, Format Version 12.00
# Visual Studio Version 17
VisualStudioVersion = 17.1.32421.90
MinimumVisualStudioVersion = 10.0.40219.1
Project("{9A19103F-16F7-4668-BE54-9A1E7A4F7556}") = "UserApi", "UserService\UserApi.csproj", "{2D03E44A-AD1C-4892-8796-8DBD079B4BDE}"
EndProject
Project("{9A19103F-16F7-4668-BE54-9A1E7A4F7556}") = "tobeApi", "tobeApi\tobeApi.csproj", "{4A9D71EF-41A1-4ECC-A64E-A819FFE739F5}"
EndProject
Project("{E53339B2-1760-4266-BCC7-CA923CBCF16C}") = "docker-compose", "docker-compose.dcproj", "{F2094AE9-21C2-4CFD-920A-869B47BEA977}"
EndProject
Global
	GlobalSection(SolutionConfigurationPlatforms) = preSolution
		Debug|Any CPU = Debug|Any CPU
		Release|Any CPU = Release|Any CPU
	EndGlobalSection
	GlobalSection(ProjectConfigurationPlatforms) = postSolution
		{2D03E44A-AD1C-4892-8796-8DBD079B4BDE}.Debug|Any CPU.ActiveCfg = Debug|Any CPU
		{2D03E44A-AD1C-4892-8796-8DBD079B4BDE}.Debug|Any CPU.Build.0 = Debug|Any CPU
		{2D03E44A-AD1C-4892-8796-8DBD079B4BDE}.Release|Any CPU.ActiveCfg = Release|Any CPU
		{2D03E44A-AD1C-4892-8796-8DBD079B4BDE}.Release|Any CPU.Build.0 = Release|Any CPU
		{4A9D71EF-41A1-4ECC-A64E-A819FFE739F5}.Debug|Any CPU.ActiveCfg = Debug|Any CPU
		{4A9D71EF-41A1-4ECC-A64E-A819FFE739F5}.Debug|Any CPU.Build.0 = Debug|Any CPU
		{4A9D71EF-41A1-4ECC-A64E-A819FFE739F5}.Release|Any CPU.ActiveCfg = Release|Any CPU
		{4A9D71EF-41A1-4ECC-A64E-A819FFE739F5}.Release|Any CPU.Build.0 = Release|Any CPU
		{F2094AE9-21C2-4CFD-920A-869B47BEA977}.Debug|Any CPU.ActiveCfg = Debug|Any CPU
		{F2094AE9-21C2-4CFD-920A-869B47BEA977}.Debug|Any CPU.Build.0 = Debug|Any CPU
		{F2094AE9-21C2-4CFD-920A-869B47BEA977}.Release|Any CPU.ActiveCfg = Release|Any CPU
		{F2094AE9-21C2-4CFD-920A-869B47BEA977}.Release|Any CPU.Build.0 = Release|Any CPU
	EndGlobalSection
	GlobalSection(SolutionProperties) = preSolution
		HideSolutionNode = FALSE
	EndGlobalSection
	GlobalSection(ExtensibilityGlobals) = postSolution
		SolutionGuid = {28F8A900-2695-468A-9D2C-0BB36C5043F9}
	EndGlobalSection
EndGlobal
